
Microsoft Visual Studio Solution File, Format Version 12.00
# Visual Studio Version 17
VisualStudioVersion = 17.0.31903.59
MinimumVisualStudioVersion = 10.0.40219.1
Project("{2150E333-8FDC-42A3-9474-1A3956D46DE8}") = "src", "src", "{9429E629-9564-4B29-A23E-8FF0B6651070}"
EndProject
Project("{2150E333-8FDC-42A3-9474-1A3956D46DE8}") = "Services", "Services", "{0DBC4F5E-B29C-42BD-A603-07A96BD9FC8C}"
EndProject
Project("{2150E333-8FDC-42A3-9474-1A3956D46DE8}") = "OrderService", "OrderService", "{51EC8AE9-09F9-4746-B6C0-6655FEBAB2E7}"
EndProject
Project("{9A19103F-16F7-4668-BE54-9A1E7A4F7556}") = "OrderService", "Services\OrderService\OrderService.API\OrderService.csproj", "{483B6C4F-C94A-42BF-A28A-654160A495B7}"
EndProject
Project("{9A19103F-16F7-4668-BE54-9A1E7A4F7556}") = "OrderService.Domain", "Services\OrderService\OrderService.Domain\OrderService.Domain.csproj", "{5BEC994B-8761-4824-ACE2-F21DAD7DE67F}"
EndProject
Project("{9A19103F-16F7-4668-BE54-9A1E7A4F7556}") = "OrderService.Infrastructure", "Services\OrderService\OrderService.Infrastructure\OrderService.Infrastructure.csproj", "{85654E1B-66B1-402D-8037-9E7FD2DC82A1}"
EndProject
Project("{9A19103F-16F7-4668-BE54-9A1E7A4F7556}") = "OrderService.Application", "Services\OrderService\OrderService.Application\OrderService.Application.csproj", "{42E9D386-ADE6-41B4-ABD4-7ACABA3A8C45}"
EndProject
Project("{2150E333-8FDC-42A3-9474-1A3956D46DE8}") = "Libraries", "Libraries", "{E1EAEE10-88F3-433B-99B1-54897FF3ACDA}"
EndProject
Project("{9A19103F-16F7-4668-BE54-9A1E7A4F7556}") = "EventBus", "Libraries\EventBus\EventBus.csproj", "{74FB09C0-B160-4459-9605-986ED68A0E70}"
EndProject
Project("{9A19103F-16F7-4668-BE54-9A1E7A4F7556}") = "EventBus.RabbitMQ", "Libraries\EventBus.RabbitMQ\EventBus.RabbitMQ.csproj", "{8A36750B-4776-46C6-91E4-4062DEC08740}"
EndProject
Project("{9A19103F-16F7-4668-BE54-9A1E7A4F7556}") = "EventStore", "Libraries\EventStore\EventStore.csproj", "{0E502BC6-BE23-467E-8F84-F6B950F2117F}"
EndProject
Project("{FAE04EC0-301F-11D3-BF4B-00C04F79EFBC}") = "CQRS", "CQRS\CQRS.csproj", "{F1A4054C-44C5-4E05-8586-7DFC90781CFB}"
EndProject
Project("{FAE04EC0-301F-11D3-BF4B-00C04F79EFBC}") = "EntityFramework", "EntityFramework\EntityFramework.csproj", "{906D3C2C-5CEE-498E-9942-201DA9A611E6}"
EndProject
Project("{FAE04EC0-301F-11D3-BF4B-00C04F79EFBC}") = "DDD", "DDD\DDD.csproj", "{1CC09ADA-5AB0-4F7B-A863-C116B072314D}"
EndProject
Global
	GlobalSection(SolutionConfigurationPlatforms) = preSolution
		Debug|Any CPU = Debug|Any CPU
		Release|Any CPU = Release|Any CPU
	EndGlobalSection
	GlobalSection(ProjectConfigurationPlatforms) = postSolution
		{483B6C4F-C94A-42BF-A28A-654160A495B7}.Debug|Any CPU.ActiveCfg = Debug|Any CPU
		{483B6C4F-C94A-42BF-A28A-654160A495B7}.Debug|Any CPU.Build.0 = Debug|Any CPU
		{483B6C4F-C94A-42BF-A28A-654160A495B7}.Release|Any CPU.ActiveCfg = Release|Any CPU
		{483B6C4F-C94A-42BF-A28A-654160A495B7}.Release|Any CPU.Build.0 = Release|Any CPU
		{5BEC994B-8761-4824-ACE2-F21DAD7DE67F}.Debug|Any CPU.ActiveCfg = Debug|Any CPU
		{5BEC994B-8761-4824-ACE2-F21DAD7DE67F}.Debug|Any CPU.Build.0 = Debug|Any CPU
		{5BEC994B-8761-4824-ACE2-F21DAD7DE67F}.Release|Any CPU.ActiveCfg = Release|Any CPU
		{5BEC994B-8761-4824-ACE2-F21DAD7DE67F}.Release|Any CPU.Build.0 = Release|Any CPU
		{85654E1B-66B1-402D-8037-9E7FD2DC82A1}.Debug|Any CPU.ActiveCfg = Debug|Any CPU
		{85654E1B-66B1-402D-8037-9E7FD2DC82A1}.Debug|Any CPU.Build.0 = Debug|Any CPU
		{85654E1B-66B1-402D-8037-9E7FD2DC82A1}.Release|Any CPU.ActiveCfg = Release|Any CPU
		{85654E1B-66B1-402D-8037-9E7FD2DC82A1}.Release|Any CPU.Build.0 = Release|Any CPU
		{42E9D386-ADE6-41B4-ABD4-7ACABA3A8C45}.Debug|Any CPU.ActiveCfg = Debug|Any CPU
		{42E9D386-ADE6-41B4-ABD4-7ACABA3A8C45}.Debug|Any CPU.Build.0 = Debug|Any CPU
		{42E9D386-ADE6-41B4-ABD4-7ACABA3A8C45}.Release|Any CPU.ActiveCfg = Release|Any CPU
		{42E9D386-ADE6-41B4-ABD4-7ACABA3A8C45}.Release|Any CPU.Build.0 = Release|Any CPU
		{74FB09C0-B160-4459-9605-986ED68A0E70}.Debug|Any CPU.ActiveCfg = Debug|Any CPU
		{74FB09C0-B160-4459-9605-986ED68A0E70}.Debug|Any CPU.Build.0 = Debug|Any CPU
		{74FB09C0-B160-4459-9605-986ED68A0E70}.Release|Any CPU.ActiveCfg = Release|Any CPU
		{74FB09C0-B160-4459-9605-986ED68A0E70}.Release|Any CPU.Build.0 = Release|Any CPU
		{8A36750B-4776-46C6-91E4-4062DEC08740}.Debug|Any CPU.ActiveCfg = Debug|Any CPU
		{8A36750B-4776-46C6-91E4-4062DEC08740}.Debug|Any CPU.Build.0 = Debug|Any CPU
		{8A36750B-4776-46C6-91E4-4062DEC08740}.Release|Any CPU.ActiveCfg = Release|Any CPU
		{8A36750B-4776-46C6-91E4-4062DEC08740}.Release|Any CPU.Build.0 = Release|Any CPU
		{0E502BC6-BE23-467E-8F84-F6B950F2117F}.Debug|Any CPU.ActiveCfg = Debug|Any CPU
		{0E502BC6-BE23-467E-8F84-F6B950F2117F}.Debug|Any CPU.Build.0 = Debug|Any CPU
		{0E502BC6-BE23-467E-8F84-F6B950F2117F}.Release|Any CPU.ActiveCfg = Release|Any CPU
		{0E502BC6-BE23-467E-8F84-F6B950F2117F}.Release|Any CPU.Build.0 = Release|Any CPU
		{F1A4054C-44C5-4E05-8586-7DFC90781CFB}.Debug|Any CPU.ActiveCfg = Debug|Any CPU
		{F1A4054C-44C5-4E05-8586-7DFC90781CFB}.Debug|Any CPU.Build.0 = Debug|Any CPU
		{F1A4054C-44C5-4E05-8586-7DFC90781CFB}.Release|Any CPU.ActiveCfg = Release|Any CPU
		{F1A4054C-44C5-4E05-8586-7DFC90781CFB}.Release|Any CPU.Build.0 = Release|Any CPU
		{906D3C2C-5CEE-498E-9942-201DA9A611E6}.Debug|Any CPU.ActiveCfg = Debug|Any CPU
		{906D3C2C-5CEE-498E-9942-201DA9A611E6}.Debug|Any CPU.Build.0 = Debug|Any CPU
		{906D3C2C-5CEE-498E-9942-201DA9A611E6}.Release|Any CPU.ActiveCfg = Release|Any CPU
		{906D3C2C-5CEE-498E-9942-201DA9A611E6}.Release|Any CPU.Build.0 = Release|Any CPU
		{1CC09ADA-5AB0-4F7B-A863-C116B072314D}.Debug|Any CPU.ActiveCfg = Debug|Any CPU
		{1CC09ADA-5AB0-4F7B-A863-C116B072314D}.Debug|Any CPU.Build.0 = Debug|Any CPU
		{1CC09ADA-5AB0-4F7B-A863-C116B072314D}.Release|Any CPU.ActiveCfg = Release|Any CPU
		{1CC09ADA-5AB0-4F7B-A863-C116B072314D}.Release|Any CPU.Build.0 = Release|Any CPU
	EndGlobalSection
	GlobalSection(SolutionProperties) = preSolution
		HideSolutionNode = FALSE
	EndGlobalSection
	GlobalSection(NestedProjects) = preSolution
		{0DBC4F5E-B29C-42BD-A603-07A96BD9FC8C} = {9429E629-9564-4B29-A23E-8FF0B6651070}
		{51EC8AE9-09F9-4746-B6C0-6655FEBAB2E7} = {0DBC4F5E-B29C-42BD-A603-07A96BD9FC8C}
		{483B6C4F-C94A-42BF-A28A-654160A495B7} = {51EC8AE9-09F9-4746-B6C0-6655FEBAB2E7}
		{5BEC994B-8761-4824-ACE2-F21DAD7DE67F} = {51EC8AE9-09F9-4746-B6C0-6655FEBAB2E7}
		{85654E1B-66B1-402D-8037-9E7FD2DC82A1} = {51EC8AE9-09F9-4746-B6C0-6655FEBAB2E7}
		{42E9D386-ADE6-41B4-ABD4-7ACABA3A8C45} = {51EC8AE9-09F9-4746-B6C0-6655FEBAB2E7}
		{E1EAEE10-88F3-433B-99B1-54897FF3ACDA} = {9429E629-9564-4B29-A23E-8FF0B6651070}
		{74FB09C0-B160-4459-9605-986ED68A0E70} = {E1EAEE10-88F3-433B-99B1-54897FF3ACDA}
		{8A36750B-4776-46C6-91E4-4062DEC08740} = {E1EAEE10-88F3-433B-99B1-54897FF3ACDA}
		{0E502BC6-BE23-467E-8F84-F6B950F2117F} = {E1EAEE10-88F3-433B-99B1-54897FF3ACDA}
		{F1A4054C-44C5-4E05-8586-7DFC90781CFB} = {E1EAEE10-88F3-433B-99B1-54897FF3ACDA}
		{906D3C2C-5CEE-498E-9942-201DA9A611E6} = {E1EAEE10-88F3-433B-99B1-54897FF3ACDA}
		{1CC09ADA-5AB0-4F7B-A863-C116B072314D} = {E1EAEE10-88F3-433B-99B1-54897FF3ACDA}
	EndGlobalSection
	GlobalSection(ExtensibilityGlobals) = postSolution
		SolutionGuid = {3DBFF8AB-A58A-4AAA-98D5-3260076A4DCC}
	EndGlobalSection
EndGlobal
